
Microsoft Visual Studio Solution File, Format Version 12.00
# Visual Studio Version 17
VisualStudioVersion = 17.4.33213.308
MinimumVisualStudioVersion = 10.0.40219.1
Project("{FAE04EC0-301F-11D3-BF4B-00C04F79EFBC}") = "Practise1.1", "Practise1.1\Practise1.1.csproj", "{3FEF617F-2AE9-46D0-9B0A-74E343D1CC0F}"
EndProject
Global
	GlobalSection(SolutionConfigurationPlatforms) = preSolution
		Debug|Any CPU = Debug|Any CPU
		Release|Any CPU = Release|Any CPU
	EndGlobalSection
	GlobalSection(ProjectConfigurationPlatforms) = postSolution
		{3FEF617F-2AE9-46D0-9B0A-74E343D1CC0F}.Debug|Any CPU.ActiveCfg = Debug|Any CPU
		{3FEF617F-2AE9-46D0-9B0A-74E343D1CC0F}.Debug|Any CPU.Build.0 = Debug|Any CPU
		{3FEF617F-2AE9-46D0-9B0A-74E343D1CC0F}.Release|Any CPU.ActiveCfg = Release|Any CPU
		{3FEF617F-2AE9-46D0-9B0A-74E343D1CC0F}.Release|Any CPU.Build.0 = Release|Any CPU
	EndGlobalSection
	GlobalSection(SolutionProperties) = preSolution
		HideSolutionNode = FALSE
	EndGlobalSection
	GlobalSection(ExtensibilityGlobals) = postSolution
		SolutionGuid = {4C7AEFBF-929E-414B-9212-C03E9C4F8A87}
	EndGlobalSection
EndGlobal
