
Microsoft Visual Studio Solution File, Format Version 12.00
# Visual Studio Version 17
VisualStudioVersion = 17.4.33213.308
MinimumVisualStudioVersion = 10.0.40219.1
Project("{FAE04EC0-301F-11D3-BF4B-00C04F79EFBC}") = "Array", "Array\Array.csproj", "{3AA15628-4CFE-47F0-95FB-F06B202FB53B}"
EndProject
Global
	GlobalSection(SolutionConfigurationPlatforms) = preSolution
		Debug|Any CPU = Debug|Any CPU
		Release|Any CPU = Release|Any CPU
	EndGlobalSection
	GlobalSection(ProjectConfigurationPlatforms) = postSolution
		{3AA15628-4CFE-47F0-95FB-F06B202FB53B}.Debug|Any CPU.ActiveCfg = Debug|Any CPU
		{3AA15628-4CFE-47F0-95FB-F06B202FB53B}.Debug|Any CPU.Build.0 = Debug|Any CPU
		{3AA15628-4CFE-47F0-95FB-F06B202FB53B}.Release|Any CPU.ActiveCfg = Release|Any CPU
		{3AA15628-4CFE-47F0-95FB-F06B202FB53B}.Release|Any CPU.Build.0 = Release|Any CPU
	EndGlobalSection
	GlobalSection(SolutionProperties) = preSolution
		HideSolutionNode = FALSE
	EndGlobalSection
	GlobalSection(ExtensibilityGlobals) = postSolution
		SolutionGuid = {D9A5A0D7-2D36-4598-9B09-21B9BB301F66}
	EndGlobalSection
EndGlobal
